{
  "object": {
    "pins": [
      {
        "package": "Async",
        "repositoryURL": "https://github.com/vapor/async.git",
        "state": {
          "branch": "beta",
          "revision": "1dca2de76d8986126ac624966210bc2213ac7f3d",
          "version": null
        }
      },
      {
        "package": "Core",
        "repositoryURL": "https://github.com/vapor/core.git",
        "state": {
          "branch": "beta",
          "revision": "1c864c2f4b2d98d9d2a0b8a7d121546e7c3104d1",
          "version": null
        }
      }
    ]
  },
  "version": 1
}
