{
  "object": {
    "pins": [
      {
        "package": "Async",
        "repositoryURL": "https://github.com/vapor/async.git",
        "state": {
          "branch": null,
          "revision": "76ed7841b32dcc47168e8d9040ba03c024224d0c",
          "version": "1.0.0-rc.1.1"
        }
      },
      {
        "package": "Core",
        "repositoryURL": "https://github.com/vapor/core.git",
        "state": {
          "branch": null,
          "revision": "0dd54c6e369f575a13f2c9964609b6c7d2dab909",
          "version": "3.0.0-rc.1.0.1"
        }
      }
    ]
  },
  "version": 1
}
