{
  "object": {
    "pins": [
      {
        "package": "Async",
        "repositoryURL": "https://github.com/vapor/async.git",
        "state": {
          "branch": "beta",
          "revision": "1dca2de76d8986126ac624966210bc2213ac7f3d",
          "version": null
        }
      },
      {
        "package": "Core",
        "repositoryURL": "https://github.com/vapor/core.git",
        "state": {
          "branch": "beta",
          "revision": "28ee9004bad3cb1d46b81459ea427ff3a41da68a",
          "version": null
        }
      }
    ]
  },
  "version": 1
}
